
Microsoft Visual Studio Solution File, Format Version 12.00
# Visual Studio Version 16
VisualStudioVersion = 16.0.29806.167
MinimumVisualStudioVersion = 10.0.40219.1
Project("{8BC9CEB8-8B4A-11D0-8D11-00A0C91BC942}") = "2048", "2048\2048.vcxproj", "{73A19360-317E-4161-8390-8BCE49366E4F}"
EndProject
Global
	GlobalSection(SolutionConfigurationPlatforms) = preSolution
		Debug|x64 = Debug|x64
		Debug|x86 = Debug|x86
		Release|x64 = Release|x64
		Release|x86 = Release|x86
	EndGlobalSection
	GlobalSection(ProjectConfigurationPlatforms) = postSolution
		{73A19360-317E-4161-8390-8BCE49366E4F}.Debug|x64.ActiveCfg = Debug|x64
		{73A19360-317E-4161-8390-8BCE49366E4F}.Debug|x64.Build.0 = Debug|x64
		{73A19360-317E-4161-8390-8BCE49366E4F}.Debug|x86.ActiveCfg = Debug|Win32
		{73A19360-317E-4161-8390-8BCE49366E4F}.Debug|x86.Build.0 = Debug|Win32
		{73A19360-317E-4161-8390-8BCE49366E4F}.Release|x64.ActiveCfg = Release|x64
		{73A19360-317E-4161-8390-8BCE49366E4F}.Release|x64.Build.0 = Release|x64
		{73A19360-317E-4161-8390-8BCE49366E4F}.Release|x86.ActiveCfg = Release|Win32
		{73A19360-317E-4161-8390-8BCE49366E4F}.Release|x86.Build.0 = Release|Win32
	EndGlobalSection
	GlobalSection(SolutionProperties) = preSolution
		HideSolutionNode = FALSE
	EndGlobalSection
	GlobalSection(ExtensibilityGlobals) = postSolution
		SolutionGuid = {6C80E1FC-C1DA-4DB2-B42C-E964AFA1B95E}
	EndGlobalSection
EndGlobal
